
Microsoft Visual Studio Solution File, Format Version 12.00
# Visual Studio Version 17
VisualStudioVersion = 17.4.33205.214
MinimumVisualStudioVersion = 10.0.40219.1
Project("{FAE04EC0-301F-11D3-BF4B-00C04F79EFBC}") = "B2Task1", "B2Task1.csproj", "{802FAC65-1122-4FDB-AF14-2A0152923D2C}"
EndProject
Global
	GlobalSection(SolutionConfigurationPlatforms) = preSolution
		Debug|Any CPU = Debug|Any CPU
		Release|Any CPU = Release|Any CPU
	EndGlobalSection
	GlobalSection(ProjectConfigurationPlatforms) = postSolution
		{802FAC65-1122-4FDB-AF14-2A0152923D2C}.Debug|Any CPU.ActiveCfg = Debug|Any CPU
		{802FAC65-1122-4FDB-AF14-2A0152923D2C}.Debug|Any CPU.Build.0 = Debug|Any CPU
		{802FAC65-1122-4FDB-AF14-2A0152923D2C}.Release|Any CPU.ActiveCfg = Release|Any CPU
		{802FAC65-1122-4FDB-AF14-2A0152923D2C}.Release|Any CPU.Build.0 = Release|Any CPU
	EndGlobalSection
	GlobalSection(SolutionProperties) = preSolution
		HideSolutionNode = FALSE
	EndGlobalSection
	GlobalSection(ExtensibilityGlobals) = postSolution
		SolutionGuid = {3E2578B2-2766-46ED-A06A-B03F64C005C0}
	EndGlobalSection
EndGlobal
